// !$*UTF8*$!
{
	archiveVersion = 1;
	classes = {
	};
	objectVersion = 46;
	objects = {

/* Begin PBXBuildFile section */
		1A46D12C1705ED8B0081E271 /* UIKit.framework in Frameworks */ = {isa = PBXBuildFile; fileRef = 1A46D12B1705ED8B0081E271 /* UIKit.framework */; };
		1A46D12E1705ED8B0081E271 /* Foundation.framework in Frameworks */ = {isa = PBXBuildFile; fileRef = 1A46D12D1705ED8B0081E271 /* Foundation.framework */; };
		1A46D1301705ED8B0081E271 /* CoreGraphics.framework in Frameworks */ = {isa = PBXBuildFile; fileRef = 1A46D12F1705ED8B0081E271 /* CoreGraphics.framework */; };
		1A46D1361705ED8B0081E271 /* InfoPlist.strings in Resources */ = {isa = PBXBuildFile; fileRef = 1A46D1341705ED8B0081E271 /* InfoPlist.strings */; };
		1A46D1381705ED8B0081E271 /* main.m in Sources */ = {isa = PBXBuildFile; fileRef = 1A46D1371705ED8B0081E271 /* main.m */; };
		1A46D13C1705ED8B0081E271 /* MBAppDelegate.m in Sources */ = {isa = PBXBuildFile; fileRef = 1A46D13B1705ED8B0081E271 /* MBAppDelegate.m */; };
		1A46D13E1705ED8B0081E271 /* Default.png in Resources */ = {isa = PBXBuildFile; fileRef = 1A46D13D1705ED8B0081E271 /* Default.png */; };
		1A46D1401705ED8B0081E271 /* Default@2x.png in Resources */ = {isa = PBXBuildFile; fileRef = 1A46D13F1705ED8B0081E271 /* Default@2x.png */; };
		1A46D1421705ED8B0081E271 /* Default-568h@2x.png in Resources */ = {isa = PBXBuildFile; fileRef = 1A46D1411705ED8B0081E271 /* Default-568h@2x.png */; };
		1A46D1451705ED8B0081E271 /* MBMainViewController_iPhone.m in Sources */ = {isa = PBXBuildFile; fileRef = 1A46D1441705ED8B0081E271 /* MBMainViewController_iPhone.m */; };
		1A46D14B1705ED8B0081E271 /* MBMainView_iPad.xib in Resources */ = {isa = PBXBuildFile; fileRef = 1A46D1491705ED8B0081E271 /* MBMainView_iPad.xib */; };
		1A46D153170611D40081E271 /* MBMainViewController_iPad.m in Sources */ = {isa = PBXBuildFile; fileRef = 1A46D152170611D30081E271 /* MBMainViewController_iPad.m */; };
		1A46D16317062B6A0081E271 /* MBMultiplayerViewController_iPhone.m in Sources */ = {isa = PBXBuildFile; fileRef = 1A46D16117062B6A0081E271 /* MBMultiplayerViewController_iPhone.m */; };
		1A46D16417062B6A0081E271 /* MBMultiplayerView_iPhone.xib in Resources */ = {isa = PBXBuildFile; fileRef = 1A46D16217062B6A0081E271 /* MBMultiplayerView_iPhone.xib */; };
		1A46D16817062BFD0081E271 /* MBSingleplayerViewController_iPhone.m in Sources */ = {isa = PBXBuildFile; fileRef = 1A46D16617062BFC0081E271 /* MBSingleplayerViewController_iPhone.m */; };
		1A46D16917062BFD0081E271 /* MBSingleplayerView_iPhone.xib in Resources */ = {isa = PBXBuildFile; fileRef = 1A46D16717062BFD0081E271 /* MBSingleplayerView_iPhone.xib */; };
		1A46D16D170656BF0081E271 /* MBBluetoothMultiplayerViewController_iPhone.m in Sources */ = {isa = PBXBuildFile; fileRef = 1A46D16B170656BF0081E271 /* MBBluetoothMultiplayerViewController_iPhone.m */; };
		1A46D16E170656BF0081E271 /* MBBluetoothMultiplayerView_iPhone.xib in Resources */ = {isa = PBXBuildFile; fileRef = 1A46D16C170656BF0081E271 /* MBBluetoothMultiplayerView_iPhone.xib */; };
		1A6F2575170668B100D807D0 /* MBGameCenterViewController_iPhone.m in Sources */ = {isa = PBXBuildFile; fileRef = 1A6F2573170668B100D807D0 /* MBGameCenterViewController_iPhone.m */; };
		1A6F2576170668B100D807D0 /* MBGameCenterView_iPhone.xib in Resources */ = {isa = PBXBuildFile; fileRef = 1A6F2574170668B100D807D0 /* MBGameCenterView_iPhone.xib */; };
		501DD58C17513AB20018C543 /* AudioToolbox.framework in Frameworks */ = {isa = PBXBuildFile; fileRef = 501DD58B17513AB10018C543 /* AudioToolbox.framework */; };
		50315F1C170C5EB300330F35 /* iAd.framework in Frameworks */ = {isa = PBXBuildFile; fileRef = 50315F1B170C5EB200330F35 /* iAd.framework */; };
		503D385B17527CA300E1E9D8 /* Localizable.strings in Resources */ = {isa = PBXBuildFile; fileRef = 503D385D17527CA300E1E9D8 /* Localizable.strings */; };
		503D386517529A3800E1E9D8 /* playX.caf in Resources */ = {isa = PBXBuildFile; fileRef = 503D3864175299ED00E1E9D8 /* playX.caf */; };
		503D386617529A3D00E1E9D8 /* playO.caf in Resources */ = {isa = PBXBuildFile; fileRef = 503D3863175299ED00E1E9D8 /* playO.caf */; };
		503E79CC1749652D007310FB /* MBMainScrollView_iPhone.m in Sources */ = {isa = PBXBuildFile; fileRef = 503E79CB1749652D007310FB /* MBMainScrollView_iPhone.m */; };
		503E79CF174972CE007310FB /* MBBluetoothSessionManager.m in Sources */ = {isa = PBXBuildFile; fileRef = 503E79CE174972CE007310FB /* MBBluetoothSessionManager.m */; };
		503E79D117497357007310FB /* GameKit.framework in Frameworks */ = {isa = PBXBuildFile; fileRef = 503E79D017497357007310FB /* GameKit.framework */; };
		503E79D417497685007310FB /* MBGameCenterSessionManager.m in Sources */ = {isa = PBXBuildFile; fileRef = 503E79D317497685007310FB /* MBGameCenterSessionManager.m */; };
		50EB229B175A254600B6DFC7 /* MBMainView_iPhone.xib in Resources */ = {isa = PBXBuildFile; fileRef = 50EB2299175A254600B6DFC7 /* MBMainView_iPhone.xib */; };
/* End PBXBuildFile section */

/* Begin PBXFileReference section */
		1A46D1281705ED8B0081E271 /* Tic Tac Toe.app */ = {isa = PBXFileReference; explicitFileType = wrapper.application; includeInIndex = 0; path = "Tic Tac Toe.app"; sourceTree = BUILT_PRODUCTS_DIR; };
		1A46D12B1705ED8B0081E271 /* UIKit.framework */ = {isa = PBXFileReference; lastKnownFileType = wrapper.framework; name = UIKit.framework; path = System/Library/Frameworks/UIKit.framework; sourceTree = SDKROOT; };
		1A46D12D1705ED8B0081E271 /* Foundation.framework */ = {isa = PBXFileReference; lastKnownFileType = wrapper.framework; name = Foundation.framework; path = System/Library/Frameworks/Foundation.framework; sourceTree = SDKROOT; };
		1A46D12F1705ED8B0081E271 /* CoreGraphics.framework */ = {isa = PBXFileReference; lastKnownFileType = wrapper.framework; name = CoreGraphics.framework; path = System/Library/Frameworks/CoreGraphics.framework; sourceTree = SDKROOT; };
		1A46D1331705ED8B0081E271 /* Tic Tac Toe-Info.plist */ = {isa = PBXFileReference; lastKnownFileType = text.plist.xml; path = "Tic Tac Toe-Info.plist"; sourceTree = "<group>"; };
		1A46D1351705ED8B0081E271 /* en */ = {isa = PBXFileReference; lastKnownFileType = text.plist.strings; name = en; path = en.lproj/InfoPlist.strings; sourceTree = "<group>"; };
		1A46D1371705ED8B0081E271 /* main.m */ = {isa = PBXFileReference; lastKnownFileType = sourcecode.c.objc; path = main.m; sourceTree = "<group>"; };
		1A46D1391705ED8B0081E271 /* Tic Tac Toe-Prefix.pch */ = {isa = PBXFileReference; lastKnownFileType = sourcecode.c.h; path = "Tic Tac Toe-Prefix.pch"; sourceTree = "<group>"; };
		1A46D13A1705ED8B0081E271 /* MBAppDelegate.h */ = {isa = PBXFileReference; lastKnownFileType = sourcecode.c.h; path = MBAppDelegate.h; sourceTree = "<group>"; };
		1A46D13B1705ED8B0081E271 /* MBAppDelegate.m */ = {isa = PBXFileReference; lastKnownFileType = sourcecode.c.objc; path = MBAppDelegate.m; sourceTree = "<group>"; };
		1A46D13D1705ED8B0081E271 /* Default.png */ = {isa = PBXFileReference; lastKnownFileType = image.png; path = Default.png; sourceTree = "<group>"; };
		1A46D13F1705ED8B0081E271 /* Default@2x.png */ = {isa = PBXFileReference; lastKnownFileType = image.png; path = "Default@2x.png"; sourceTree = "<group>"; };
		1A46D1411705ED8B0081E271 /* Default-568h@2x.png */ = {isa = PBXFileReference; lastKnownFileType = image.png; path = "Default-568h@2x.png"; sourceTree = "<group>"; };
		1A46D1431705ED8B0081E271 /* MBMainViewController_iPhone.h */ = {isa = PBXFileReference; lastKnownFileType = sourcecode.c.h; path = MBMainViewController_iPhone.h; sourceTree = "<group>"; };
		1A46D1441705ED8B0081E271 /* MBMainViewController_iPhone.m */ = {isa = PBXFileReference; lastKnownFileType = sourcecode.c.objc; path = MBMainViewController_iPhone.m; sourceTree = "<group>"; };
		1A46D14A1705ED8B0081E271 /* en */ = {isa = PBXFileReference; lastKnownFileType = file.xib; name = en; path = en.lproj/MBMainView_iPad.xib; sourceTree = "<group>"; };
		1A46D151170611D30081E271 /* MBMainViewController_iPad.h */ = {isa = PBXFileReference; fileEncoding = 4; lastKnownFileType = sourcecode.c.h; path = MBMainViewController_iPad.h; sourceTree = "<group>"; };
		1A46D152170611D30081E271 /* MBMainViewController_iPad.m */ = {isa = PBXFileReference; fileEncoding = 4; lastKnownFileType = sourcecode.c.objc; path = MBMainViewController_iPad.m; sourceTree = "<group>"; };
		1A46D16017062B6A0081E271 /* MBMultiplayerViewController_iPhone.h */ = {isa = PBXFileReference; fileEncoding = 4; lastKnownFileType = sourcecode.c.h; path = MBMultiplayerViewController_iPhone.h; sourceTree = "<group>"; };
		1A46D16117062B6A0081E271 /* MBMultiplayerViewController_iPhone.m */ = {isa = PBXFileReference; fileEncoding = 4; lastKnownFileType = sourcecode.c.objc; path = MBMultiplayerViewController_iPhone.m; sourceTree = "<group>"; };
		1A46D16217062B6A0081E271 /* MBMultiplayerView_iPhone.xib */ = {isa = PBXFileReference; fileEncoding = 4; lastKnownFileType = file.xib; path = MBMultiplayerView_iPhone.xib; sourceTree = "<group>"; };
		1A46D16517062BFC0081E271 /* MBSingleplayerViewController_iPhone.h */ = {isa = PBXFileReference; fileEncoding = 4; lastKnownFileType = sourcecode.c.h; path = MBSingleplayerViewController_iPhone.h; sourceTree = "<group>"; };
		1A46D16617062BFC0081E271 /* MBSingleplayerViewController_iPhone.m */ = {isa = PBXFileReference; fileEncoding = 4; lastKnownFileType = sourcecode.c.objc; path = MBSingleplayerViewController_iPhone.m; sourceTree = "<group>"; };
		1A46D16717062BFD0081E271 /* MBSingleplayerView_iPhone.xib */ = {isa = PBXFileReference; fileEncoding = 4; lastKnownFileType = file.xib; path = MBSingleplayerView_iPhone.xib; sourceTree = "<group>"; };
		1A46D16A170656BF0081E271 /* MBBluetoothMultiplayerViewController_iPhone.h */ = {isa = PBXFileReference; fileEncoding = 4; lastKnownFileType = sourcecode.c.h; path = MBBluetoothMultiplayerViewController_iPhone.h; sourceTree = "<group>"; };
		1A46D16B170656BF0081E271 /* MBBluetoothMultiplayerViewController_iPhone.m */ = {isa = PBXFileReference; fileEncoding = 4; lastKnownFileType = sourcecode.c.objc; path = MBBluetoothMultiplayerViewController_iPhone.m; sourceTree = "<group>"; };
		1A46D16C170656BF0081E271 /* MBBluetoothMultiplayerView_iPhone.xib */ = {isa = PBXFileReference; fileEncoding = 4; lastKnownFileType = file.xib; path = MBBluetoothMultiplayerView_iPhone.xib; sourceTree = "<group>"; };
		1A6F2572170668B100D807D0 /* MBGameCenterViewController_iPhone.h */ = {isa = PBXFileReference; fileEncoding = 4; lastKnownFileType = sourcecode.c.h; path = MBGameCenterViewController_iPhone.h; sourceTree = "<group>"; };
		1A6F2573170668B100D807D0 /* MBGameCenterViewController_iPhone.m */ = {isa = PBXFileReference; fileEncoding = 4; lastKnownFileType = sourcecode.c.objc; path = MBGameCenterViewController_iPhone.m; sourceTree = "<group>"; };
		1A6F2574170668B100D807D0 /* MBGameCenterView_iPhone.xib */ = {isa = PBXFileReference; fileEncoding = 4; lastKnownFileType = file.xib; path = MBGameCenterView_iPhone.xib; sourceTree = "<group>"; };
		501DD58B17513AB10018C543 /* AudioToolbox.framework */ = {isa = PBXFileReference; lastKnownFileType = wrapper.framework; name = AudioToolbox.framework; path = System/Library/Frameworks/AudioToolbox.framework; sourceTree = SDKROOT; };
		50315F1B170C5EB200330F35 /* iAd.framework */ = {isa = PBXFileReference; lastKnownFileType = wrapper.framework; name = iAd.framework; path = System/Library/Frameworks/iAd.framework; sourceTree = SDKROOT; };
		503D385C17527CA300E1E9D8 /* en */ = {isa = PBXFileReference; lastKnownFileType = text.plist.strings; name = en; path = en.lproj/Localizable.strings; sourceTree = "<group>"; };
		503D385E17527E1700E1E9D8 /* de */ = {isa = PBXFileReference; lastKnownFileType = text.plist.strings; name = de; path = de.lproj/Localizable.strings; sourceTree = "<group>"; };
		503D3863175299ED00E1E9D8 /* playO.caf */ = {isa = PBXFileReference; lastKnownFileType = file; path = playO.caf; sourceTree = "<group>"; };
		503D3864175299ED00E1E9D8 /* playX.caf */ = {isa = PBXFileReference; lastKnownFileType = file; path = playX.caf; sourceTree = "<group>"; };
		503E79CA1749652D007310FB /* MBMainScrollView_iPhone.h */ = {isa = PBXFileReference; fileEncoding = 4; lastKnownFileType = sourcecode.c.h; path = MBMainScrollView_iPhone.h; sourceTree = "<group>"; };
		503E79CB1749652D007310FB /* MBMainScrollView_iPhone.m */ = {isa = PBXFileReference; fileEncoding = 4; lastKnownFileType = sourcecode.c.objc; path = MBMainScrollView_iPhone.m; sourceTree = "<group>"; };
		503E79CD174972CE007310FB /* MBBluetoothSessionManager.h */ = {isa = PBXFileReference; fileEncoding = 4; lastKnownFileType = sourcecode.c.h; path = MBBluetoothSessionManager.h; sourceTree = "<group>"; };
		503E79CE174972CE007310FB /* MBBluetoothSessionManager.m */ = {isa = PBXFileReference; fileEncoding = 4; lastKnownFileType = sourcecode.c.objc; path = MBBluetoothSessionManager.m; sourceTree = "<group>"; };
		503E79D017497357007310FB /* GameKit.framework */ = {isa = PBXFileReference; lastKnownFileType = wrapper.framework; name = GameKit.framework; path = System/Library/Frameworks/GameKit.framework; sourceTree = SDKROOT; };
		503E79D217497685007310FB /* MBGameCenterSessionManager.h */ = {isa = PBXFileReference; fileEncoding = 4; lastKnownFileType = sourcecode.c.h; path = MBGameCenterSessionManager.h; sourceTree = "<group>"; };
		503E79D317497685007310FB /* MBGameCenterSessionManager.m */ = {isa = PBXFileReference; fileEncoding = 4; lastKnownFileType = sourcecode.c.objc; path = MBGameCenterSessionManager.m; sourceTree = "<group>"; };
		50EB229A175A254600B6DFC7 /* en */ = {isa = PBXFileReference; lastKnownFileType = file.xib; name = en; path = en.lproj/MBMainView_iPhone.xib; sourceTree = "<group>"; };
/* End PBXFileReference section */

/* Begin PBXFrameworksBuildPhase section */
		1A46D1251705ED8B0081E271 /* Frameworks */ = {
			isa = PBXFrameworksBuildPhase;
			buildActionMask = 2147483647;
			files = (
				501DD58C17513AB20018C543 /* AudioToolbox.framework in Frameworks */,
				503E79D117497357007310FB /* GameKit.framework in Frameworks */,
				50315F1C170C5EB300330F35 /* iAd.framework in Frameworks */,
				1A46D12C1705ED8B0081E271 /* UIKit.framework in Frameworks */,
				1A46D12E1705ED8B0081E271 /* Foundation.framework in Frameworks */,
				1A46D1301705ED8B0081E271 /* CoreGraphics.framework in Frameworks */,
			);
			runOnlyForDeploymentPostprocessing = 0;
		};
/* End PBXFrameworksBuildPhase section */

/* Begin PBXGroup section */
		1A46D11F1705ED8B0081E271 = {
			isa = PBXGroup;
			children = (
				1A46D1311705ED8B0081E271 /* Tic Tac Toe */,
				1A46D12A1705ED8B0081E271 /* Frameworks */,
				1A46D1291705ED8B0081E271 /* Products */,
			);
			sourceTree = "<group>";
		};
		1A46D1291705ED8B0081E271 /* Products */ = {
			isa = PBXGroup;
			children = (
				1A46D1281705ED8B0081E271 /* Tic Tac Toe.app */,
			);
			name = Products;
			sourceTree = "<group>";
		};
		1A46D12A1705ED8B0081E271 /* Frameworks */ = {
			isa = PBXGroup;
			children = (
				501DD58B17513AB10018C543 /* AudioToolbox.framework */,
				503E79D017497357007310FB /* GameKit.framework */,
				50315F1B170C5EB200330F35 /* iAd.framework */,
				1A46D12B1705ED8B0081E271 /* UIKit.framework */,
				1A46D12D1705ED8B0081E271 /* Foundation.framework */,
				1A46D12F1705ED8B0081E271 /* CoreGraphics.framework */,
			);
			name = Frameworks;
			sourceTree = "<group>";
		};
		1A46D1311705ED8B0081E271 /* Tic Tac Toe */ = {
			isa = PBXGroup;
			children = (
				1A46D13A1705ED8B0081E271 /* MBAppDelegate.h */,
				1A46D13B1705ED8B0081E271 /* MBAppDelegate.m */,
				503E79D217497685007310FB /* MBGameCenterSessionManager.h */,
				503E79D317497685007310FB /* MBGameCenterSessionManager.m */,
				503E79CD174972CE007310FB /* MBBluetoothSessionManager.h */,
				503E79CE174972CE007310FB /* MBBluetoothSessionManager.m */,
				1A46D1591706297E0081E271 /* iPhone */,
				1A46D15A170629870081E271 /* iPad */,
				1A46D1321705ED8B0081E271 /* Supporting Files */,
			);
			path = "Tic Tac Toe";
			sourceTree = "<group>";
		};
		1A46D1321705ED8B0081E271 /* Supporting Files */ = {
			isa = PBXGroup;
			children = (
				503D3863175299ED00E1E9D8 /* playO.caf */,
				503D3864175299ED00E1E9D8 /* playX.caf */,
				503D385D17527CA300E1E9D8 /* Localizable.strings */,
				1A46D1331705ED8B0081E271 /* Tic Tac Toe-Info.plist */,
				1A46D1341705ED8B0081E271 /* InfoPlist.strings */,
				1A46D1371705ED8B0081E271 /* main.m */,
				1A46D1391705ED8B0081E271 /* Tic Tac Toe-Prefix.pch */,
				1A46D13D1705ED8B0081E271 /* Default.png */,
				1A46D13F1705ED8B0081E271 /* Default@2x.png */,
				1A46D1411705ED8B0081E271 /* Default-568h@2x.png */,
			);
			name = "Supporting Files";
			sourceTree = "<group>";
		};
		1A46D1591706297E0081E271 /* iPhone */ = {
			isa = PBXGroup;
			children = (
				1A46D1431705ED8B0081E271 /* MBMainViewController_iPhone.h */,
				1A46D1441705ED8B0081E271 /* MBMainViewController_iPhone.m */,
				50EB2299175A254600B6DFC7 /* MBMainView_iPhone.xib */,
				503E79CA1749652D007310FB /* MBMainScrollView_iPhone.h */,
				503E79CB1749652D007310FB /* MBMainScrollView_iPhone.m */,
				1A6F2572170668B100D807D0 /* MBGameCenterViewController_iPhone.h */,
				1A6F2573170668B100D807D0 /* MBGameCenterViewController_iPhone.m */,
				1A6F2574170668B100D807D0 /* MBGameCenterView_iPhone.xib */,
				1A46D16517062BFC0081E271 /* MBSingleplayerViewController_iPhone.h */,
				1A46D16617062BFC0081E271 /* MBSingleplayerViewController_iPhone.m */,
				1A46D16717062BFD0081E271 /* MBSingleplayerView_iPhone.xib */,
				1A46D16017062B6A0081E271 /* MBMultiplayerViewController_iPhone.h */,
				1A46D16117062B6A0081E271 /* MBMultiplayerViewController_iPhone.m */,
				1A46D16217062B6A0081E271 /* MBMultiplayerView_iPhone.xib */,
				1A46D16A170656BF0081E271 /* MBBluetoothMultiplayerViewController_iPhone.h */,
				1A46D16B170656BF0081E271 /* MBBluetoothMultiplayerViewController_iPhone.m */,
				1A46D16C170656BF0081E271 /* MBBluetoothMultiplayerView_iPhone.xib */,
			);
			name = iPhone;
			sourceTree = "<group>";
		};
		1A46D15A170629870081E271 /* iPad */ = {
			isa = PBXGroup;
			children = (
				1A46D151170611D30081E271 /* MBMainViewController_iPad.h */,
				1A46D152170611D30081E271 /* MBMainViewController_iPad.m */,
				1A46D1491705ED8B0081E271 /* MBMainView_iPad.xib */,
			);
			name = iPad;
			sourceTree = "<group>";
		};
/* End PBXGroup section */

/* Begin PBXNativeTarget section */
		1A46D1271705ED8B0081E271 /* Tic Tac Toe */ = {
			isa = PBXNativeTarget;
			buildConfigurationList = 1A46D14E1705ED8B0081E271 /* Build configuration list for PBXNativeTarget "Tic Tac Toe" */;
			buildPhases = (
				1A46D1241705ED8B0081E271 /* Sources */,
				1A46D1251705ED8B0081E271 /* Frameworks */,
				1A46D1261705ED8B0081E271 /* Resources */,
			);
			buildRules = (
			);
			dependencies = (
			);
			name = "Tic Tac Toe";
			productName = "Tic Tac Toe";
			productReference = 1A46D1281705ED8B0081E271 /* Tic Tac Toe.app */;
			productType = "com.apple.product-type.application";
		};
/* End PBXNativeTarget section */

/* Begin PBXProject section */
		1A46D1201705ED8B0081E271 /* Project object */ = {
			isa = PBXProject;
			attributes = {
				CLASSPREFIX = MB;
				LastUpgradeCheck = 0460;
				ORGANIZATIONNAME = "Maximilian Brunner";
			};
			buildConfigurationList = 1A46D1231705ED8B0081E271 /* Build configuration list for PBXProject "Tic Tac Toe" */;
			compatibilityVersion = "Xcode 3.2";
			developmentRegion = English;
			hasScannedForEncodings = 0;
			knownRegions = (
				en,
				de,
			);
			mainGroup = 1A46D11F1705ED8B0081E271;
			productRefGroup = 1A46D1291705ED8B0081E271 /* Products */;
			projectDirPath = "";
			projectRoot = "";
			targets = (
				1A46D1271705ED8B0081E271 /* Tic Tac Toe */,
			);
		};
/* End PBXProject section */

/* Begin PBXResourcesBuildPhase section */
		1A46D1261705ED8B0081E271 /* Resources */ = {
			isa = PBXResourcesBuildPhase;
			buildActionMask = 2147483647;
			files = (
				1A46D1361705ED8B0081E271 /* InfoPlist.strings in Resources */,
				1A46D13E1705ED8B0081E271 /* Default.png in Resources */,
				1A46D1401705ED8B0081E271 /* Default@2x.png in Resources */,
				1A46D1421705ED8B0081E271 /* Default-568h@2x.png in Resources */,
				1A46D14B1705ED8B0081E271 /* MBMainView_iPad.xib in Resources */,
				1A46D16417062B6A0081E271 /* MBMultiplayerView_iPhone.xib in Resources */,
				1A46D16917062BFD0081E271 /* MBSingleplayerView_iPhone.xib in Resources */,
				1A46D16E170656BF0081E271 /* MBBluetoothMultiplayerView_iPhone.xib in Resources */,
				1A6F2576170668B100D807D0 /* MBGameCenterView_iPhone.xib in Resources */,
				503D385B17527CA300E1E9D8 /* Localizable.strings in Resources */,
				503D386517529A3800E1E9D8 /* playX.caf in Resources */,
				503D386617529A3D00E1E9D8 /* playO.caf in Resources */,
				50EB229B175A254600B6DFC7 /* MBMainView_iPhone.xib in Resources */,
			);
			runOnlyForDeploymentPostprocessing = 0;
		};
/* End PBXResourcesBuildPhase section */

/* Begin PBXSourcesBuildPhase section */
		1A46D1241705ED8B0081E271 /* Sources */ = {
			isa = PBXSourcesBuildPhase;
			buildActionMask = 2147483647;
			files = (
				1A46D1381705ED8B0081E271 /* main.m in Sources */,
				1A46D13C1705ED8B0081E271 /* MBAppDelegate.m in Sources */,
				1A46D1451705ED8B0081E271 /* MBMainViewController_iPhone.m in Sources */,
				1A46D153170611D40081E271 /* MBMainViewController_iPad.m in Sources */,
				1A46D16317062B6A0081E271 /* MBMultiplayerViewController_iPhone.m in Sources */,
				1A46D16817062BFD0081E271 /* MBSingleplayerViewController_iPhone.m in Sources */,
				1A46D16D170656BF0081E271 /* MBBluetoothMultiplayerViewController_iPhone.m in Sources */,
				1A6F2575170668B100D807D0 /* MBGameCenterViewController_iPhone.m in Sources */,
				503E79CC1749652D007310FB /* MBMainScrollView_iPhone.m in Sources */,
				503E79CF174972CE007310FB /* MBBluetoothSessionManager.m in Sources */,
				503E79D417497685007310FB /* MBGameCenterSessionManager.m in Sources */,
			);
			runOnlyForDeploymentPostprocessing = 0;
		};
/* End PBXSourcesBuildPhase section */

/* Begin PBXVariantGroup section */
		1A46D1341705ED8B0081E271 /* InfoPlist.strings */ = {
			isa = PBXVariantGroup;
			children = (
				1A46D1351705ED8B0081E271 /* en */,
			);
			name = InfoPlist.strings;
			sourceTree = "<group>";
		};
		1A46D1491705ED8B0081E271 /* MBMainView_iPad.xib */ = {
			isa = PBXVariantGroup;
			children = (
				1A46D14A1705ED8B0081E271 /* en */,
			);
			name = MBMainView_iPad.xib;
			sourceTree = "<group>";
		};
		503D385D17527CA300E1E9D8 /* Localizable.strings */ = {
			isa = PBXVariantGroup;
			children = (
				503D385C17527CA300E1E9D8 /* en */,
				503D385E17527E1700E1E9D8 /* de */,
			);
			name = Localizable.strings;
			sourceTree = "<group>";
		};
		50EB2299175A254600B6DFC7 /* MBMainView_iPhone.xib */ = {
			isa = PBXVariantGroup;
			children = (
				50EB229A175A254600B6DFC7 /* en */,
			);
			name = MBMainView_iPhone.xib;
			sourceTree = "<group>";
		};
/* End PBXVariantGroup section */

/* Begin XCBuildConfiguration section */
		1A46D14C1705ED8B0081E271 /* Debug */ = {
			isa = XCBuildConfiguration;
			buildSettings = {
				ALWAYS_SEARCH_USER_PATHS = NO;
				CLANG_CXX_LANGUAGE_STANDARD = "gnu++0x";
				CLANG_CXX_LIBRARY = "libc++";
				CLANG_WARN_CONSTANT_CONVERSION = YES;
				CLANG_WARN_EMPTY_BODY = YES;
				CLANG_WARN_ENUM_CONVERSION = YES;
				CLANG_WARN_INT_CONVERSION = YES;
				CLANG_WARN__DUPLICATE_METHOD_MATCH = YES;
				"CODE_SIGN_IDENTITY[sdk=iphoneos*]" = "iPhone Developer";
				COPY_PHASE_STRIP = NO;
				GCC_C_LANGUAGE_STANDARD = gnu99;
				GCC_DYNAMIC_NO_PIC = NO;
				GCC_OPTIMIZATION_LEVEL = 0;
				GCC_PREPROCESSOR_DEFINITIONS = (
					"DEBUG=1",
					"$(inherited)",
				);
				GCC_SYMBOLS_PRIVATE_EXTERN = NO;
				GCC_WARN_ABOUT_RETURN_TYPE = YES;
				GCC_WARN_UNINITIALIZED_AUTOS = YES;
				GCC_WARN_UNUSED_VARIABLE = YES;
				IPHONEOS_DEPLOYMENT_TARGET = 6.0;
				ONLY_ACTIVE_ARCH = YES;
				SDKROOT = iphoneos;
				TARGETED_DEVICE_FAMILY = "1,2";
			};
			name = Debug;
		};
		1A46D14D1705ED8B0081E271 /* Release */ = {
			isa = XCBuildConfiguration;
			buildSettings = {
				ALWAYS_SEARCH_USER_PATHS = NO;
				CLANG_CXX_LANGUAGE_STANDARD = "gnu++0x";
				CLANG_CXX_LIBRARY = "libc++";
				CLANG_WARN_CONSTANT_CONVERSION = YES;
				CLANG_WARN_EMPTY_BODY = YES;
				CLANG_WARN_ENUM_CONVERSION = YES;
				CLANG_WARN_INT_CONVERSION = YES;
				CLANG_WARN__DUPLICATE_METHOD_MATCH = YES;
				"CODE_SIGN_IDENTITY[sdk=iphoneos*]" = "iPhone Developer";
				COPY_PHASE_STRIP = YES;
				GCC_C_LANGUAGE_STANDARD = gnu99;
				GCC_WARN_ABOUT_RETURN_TYPE = YES;
				GCC_WARN_UNINITIALIZED_AUTOS = YES;
				GCC_WARN_UNUSED_VARIABLE = YES;
				IPHONEOS_DEPLOYMENT_TARGET = 6.0;
				OTHER_CFLAGS = "-DNS_BLOCK_ASSERTIONS=1";
				SDKROOT = iphoneos;
				TARGETED_DEVICE_FAMILY = "1,2";
				VALIDATE_PRODUCT = YES;
			};
			name = Release;
		};
		1A46D14F1705ED8B0081E271 /* Debug */ = {
			isa = XCBuildConfiguration;
			buildSettings = {
				GCC_PRECOMPILE_PREFIX_HEADER = YES;
				GCC_PREFIX_HEADER = "Tic Tac Toe/Tic Tac Toe-Prefix.pch";
				INFOPLIST_FILE = "Tic Tac Toe/Tic Tac Toe-Info.plist";
				IPHONEOS_DEPLOYMENT_TARGET = 6.0;
				PRODUCT_NAME = "$(TARGET_NAME)";
				WRAPPER_EXTENSION = app;
			};
			name = Debug;
		};
		1A46D1501705ED8B0081E271 /* Release */ = {
			isa = XCBuildConfiguration;
			buildSettings = {
				GCC_PRECOMPILE_PREFIX_HEADER = YES;
				GCC_PREFIX_HEADER = "Tic Tac Toe/Tic Tac Toe-Prefix.pch";
				INFOPLIST_FILE = "Tic Tac Toe/Tic Tac Toe-Info.plist";
				IPHONEOS_DEPLOYMENT_TARGET = 6.0;
				PRODUCT_NAME = "$(TARGET_NAME)";
				WRAPPER_EXTENSION = app;
			};
			name = Release;
		};
/* End XCBuildConfiguration section */

/* Begin XCConfigurationList section */
		1A46D1231705ED8B0081E271 /* Build configuration list for PBXProject "Tic Tac Toe" */ = {
			isa = XCConfigurationList;
			buildConfigurations = (
				1A46D14C1705ED8B0081E271 /* Debug */,
				1A46D14D1705ED8B0081E271 /* Release */,
			);
			defaultConfigurationIsVisible = 0;
			defaultConfigurationName = Release;
		};
		1A46D14E1705ED8B0081E271 /* Build configuration list for PBXNativeTarget "Tic Tac Toe" */ = {
			isa = XCConfigurationList;
			buildConfigurations = (
				1A46D14F1705ED8B0081E271 /* Debug */,
				1A46D1501705ED8B0081E271 /* Release */,
			);
			defaultConfigurationIsVisible = 0;
			defaultConfigurationName = Release;
		};
/* End XCConfigurationList section */
	};
	rootObject = 1A46D1201705ED8B0081E271 /* Project object */;
}
